
Microsoft Visual Studio Solution File, Format Version 12.00
# Visual Studio 15
VisualStudioVersion = 15.0.26206.0
MinimumVisualStudioVersion = 10.0.40219.1
Project("{FAE04EC0-301F-11D3-BF4B-00C04F79EFBC}") = "RateFilm", "RateFilm\RateFilm.csproj", "{1095D968-BDE8-4E97-9DC0-A51C79FF657E}"
EndProject
Project("{FAE04EC0-301F-11D3-BF4B-00C04F79EFBC}") = "RarsCore", "RarsCore\RarsCore.csproj", "{24227882-287D-43A4-8FCC-DB379334F897}"
EndProject
Project("{FAE04EC0-301F-11D3-BF4B-00C04F79EFBC}") = "RarsTest", "RarsTest\RarsTest.csproj", "{D913A4BF-6A75-4726-9F67-E192219AB4BC}"
EndProject
Global
	GlobalSection(SolutionConfigurationPlatforms) = preSolution
		Debug|Any CPU = Debug|Any CPU
		Debug|x64 = Debug|x64
		Debug|x86 = Debug|x86
		Release|Any CPU = Release|Any CPU
		Release|x64 = Release|x64
		Release|x86 = Release|x86
	EndGlobalSection
	GlobalSection(ProjectConfigurationPlatforms) = postSolution
		{1095D968-BDE8-4E97-9DC0-A51C79FF657E}.Debug|Any CPU.ActiveCfg = Debug|Any CPU
		{1095D968-BDE8-4E97-9DC0-A51C79FF657E}.Debug|Any CPU.Build.0 = Debug|Any CPU
		{1095D968-BDE8-4E97-9DC0-A51C79FF657E}.Debug|x64.ActiveCfg = Debug|x64
		{1095D968-BDE8-4E97-9DC0-A51C79FF657E}.Debug|x64.Build.0 = Debug|x64
		{1095D968-BDE8-4E97-9DC0-A51C79FF657E}.Debug|x86.ActiveCfg = Debug|x86
		{1095D968-BDE8-4E97-9DC0-A51C79FF657E}.Debug|x86.Build.0 = Debug|x86
		{1095D968-BDE8-4E97-9DC0-A51C79FF657E}.Release|Any CPU.ActiveCfg = Release|Any CPU
		{1095D968-BDE8-4E97-9DC0-A51C79FF657E}.Release|Any CPU.Build.0 = Release|Any CPU
		{1095D968-BDE8-4E97-9DC0-A51C79FF657E}.Release|x64.ActiveCfg = Release|x64
		{1095D968-BDE8-4E97-9DC0-A51C79FF657E}.Release|x64.Build.0 = Release|x64
		{1095D968-BDE8-4E97-9DC0-A51C79FF657E}.Release|x86.ActiveCfg = Release|x86
		{1095D968-BDE8-4E97-9DC0-A51C79FF657E}.Release|x86.Build.0 = Release|x86
		{24227882-287D-43A4-8FCC-DB379334F897}.Debug|Any CPU.ActiveCfg = Debug|Any CPU
		{24227882-287D-43A4-8FCC-DB379334F897}.Debug|Any CPU.Build.0 = Debug|Any CPU
		{24227882-287D-43A4-8FCC-DB379334F897}.Debug|x64.ActiveCfg = Debug|x64
		{24227882-287D-43A4-8FCC-DB379334F897}.Debug|x64.Build.0 = Debug|x64
		{24227882-287D-43A4-8FCC-DB379334F897}.Debug|x86.ActiveCfg = Debug|x86
		{24227882-287D-43A4-8FCC-DB379334F897}.Debug|x86.Build.0 = Debug|x86
		{24227882-287D-43A4-8FCC-DB379334F897}.Release|Any CPU.ActiveCfg = Release|Any CPU
		{24227882-287D-43A4-8FCC-DB379334F897}.Release|Any CPU.Build.0 = Release|Any CPU
		{24227882-287D-43A4-8FCC-DB379334F897}.Release|x64.ActiveCfg = Release|x64
		{24227882-287D-43A4-8FCC-DB379334F897}.Release|x64.Build.0 = Release|x64
		{24227882-287D-43A4-8FCC-DB379334F897}.Release|x86.ActiveCfg = Release|x86
		{24227882-287D-43A4-8FCC-DB379334F897}.Release|x86.Build.0 = Release|x86
		{D913A4BF-6A75-4726-9F67-E192219AB4BC}.Debug|Any CPU.ActiveCfg = Debug|Any CPU
		{D913A4BF-6A75-4726-9F67-E192219AB4BC}.Debug|Any CPU.Build.0 = Debug|Any CPU
		{D913A4BF-6A75-4726-9F67-E192219AB4BC}.Debug|x64.ActiveCfg = Debug|x64
		{D913A4BF-6A75-4726-9F67-E192219AB4BC}.Debug|x64.Build.0 = Debug|x64
		{D913A4BF-6A75-4726-9F67-E192219AB4BC}.Debug|x86.ActiveCfg = Debug|x86
		{D913A4BF-6A75-4726-9F67-E192219AB4BC}.Debug|x86.Build.0 = Debug|x86
		{D913A4BF-6A75-4726-9F67-E192219AB4BC}.Release|Any CPU.ActiveCfg = Release|Any CPU
		{D913A4BF-6A75-4726-9F67-E192219AB4BC}.Release|Any CPU.Build.0 = Release|Any CPU
		{D913A4BF-6A75-4726-9F67-E192219AB4BC}.Release|x64.ActiveCfg = Release|x64
		{D913A4BF-6A75-4726-9F67-E192219AB4BC}.Release|x64.Build.0 = Release|x64
		{D913A4BF-6A75-4726-9F67-E192219AB4BC}.Release|x86.ActiveCfg = Release|x86
		{D913A4BF-6A75-4726-9F67-E192219AB4BC}.Release|x86.Build.0 = Release|x86
	EndGlobalSection
	GlobalSection(SolutionProperties) = preSolution
		HideSolutionNode = FALSE
	EndGlobalSection
EndGlobal
